{
  "nodes": {
    "flux": {
      "inputs": {
        "nixpkgs": [
          "nixpkgs"
        ]
      },
      "locked": {
        "lastModified": 1729388191,
        "narHash": "sha256-Ga5JJPgwfpqMFvk8g4un7ySwfTefGCsbUrCDsSnQyiU=",
        "owner": "IogaMaster",
        "repo": "flux",
        "rev": "400896b5c977e0569ea0f8bacb9b42509e0bbd00",
        "type": "github"
      },
      "original": {
        "owner": "IogaMaster",
        "repo": "flux",
        "type": "github"
      }
    },
    "nixpkgs": {
      "locked": {
        "lastModified": 1736344531,
        "narHash": "sha256-8YVQ9ZbSfuUk2bUf2KRj60NRraLPKPS0Q4QFTbc+c2c=",
        "owner": "NixOS",
        "repo": "nixpkgs",
        "rev": "bffc22eb12172e6db3c5dde9e3e5628f8e3e7912",
        "type": "github"
      },
      "original": {
        "owner": "NixOS",
        "ref": "nixos-unstable",
        "repo": "nixpkgs",
        "type": "github"
      }
    },
    "root": {
      "inputs": {
        "flux": "flux",
        "nixpkgs": "nixpkgs"
      }
    }
  },
  "root": "root",
  "version": 7
}
